// !$*UTF8*$!
{
	archiveVersion = 1;
	classes = {
	};
	objectVersion = 46;
	objects = {

/* Begin PBXBuildFile section */
		63E8C3261DFE752A00AE5727 /* AppDelegate.swift in Sources */ = {isa = PBXBuildFile; fileRef = 63E8C3251DFE752A00AE5727 /* AppDelegate.swift */; };
		63E8C3281DFE752A00AE5727 /* ViewController.swift in Sources */ = {isa = PBXBuildFile; fileRef = 63E8C3271DFE752A00AE5727 /* ViewController.swift */; };
		63E8C32B1DFE752A00AE5727 /* Main.storyboard in Resources */ = {isa = PBXBuildFile; fileRef = 63E8C3291DFE752A00AE5727 /* Main.storyboard */; };
		63E8C32D1DFE752A00AE5727 /* Assets.xcassets in Resources */ = {isa = PBXBuildFile; fileRef = 63E8C32C1DFE752A00AE5727 /* Assets.xcassets */; };
		63E8C3301DFE752A00AE5727 /* LaunchScreen.storyboard in Resources */ = {isa = PBXBuildFile; fileRef = 63E8C32E1DFE752A00AE5727 /* LaunchScreen.storyboard */; };
		63E8C33B1DFE752A00AE5727 /* AllKindsExtensionsTests.swift in Sources */ = {isa = PBXBuildFile; fileRef = 63E8C33A1DFE752A00AE5727 /* AllKindsExtensionsTests.swift */; };
		63E8C3461DFE752A00AE5727 /* AllKindsExtensionsUITests.swift in Sources */ = {isa = PBXBuildFile; fileRef = 63E8C3451DFE752A00AE5727 /* AllKindsExtensionsUITests.swift */; };
/* End PBXBuildFile section */

/* Begin PBXContainerItemProxy section */
		63E8C3371DFE752A00AE5727 /* PBXContainerItemProxy */ = {
			isa = PBXContainerItemProxy;
			containerPortal = 63E8C31A1DFE752A00AE5727 /* Project object */;
			proxyType = 1;
			remoteGlobalIDString = 63E8C3211DFE752A00AE5727;
			remoteInfo = AllKindsExtensions;
		};
		63E8C3421DFE752A00AE5727 /* PBXContainerItemProxy */ = {
			isa = PBXContainerItemProxy;
			containerPortal = 63E8C31A1DFE752A00AE5727 /* Project object */;
			proxyType = 1;
			remoteGlobalIDString = 63E8C3211DFE752A00AE5727;
			remoteInfo = AllKindsExtensions;
		};
/* End PBXContainerItemProxy section */

/* Begin PBXFileReference section */
		63E8C3221DFE752A00AE5727 /* AllKindsExtensions.app */ = {isa = PBXFileReference; explicitFileType = wrapper.application; includeInIndex = 0; path = AllKindsExtensions.app; sourceTree = BUILT_PRODUCTS_DIR; };
		63E8C3251DFE752A00AE5727 /* AppDelegate.swift */ = {isa = PBXFileReference; lastKnownFileType = sourcecode.swift; path = AppDelegate.swift; sourceTree = "<group>"; };
		63E8C3271DFE752A00AE5727 /* ViewController.swift */ = {isa = PBXFileReference; lastKnownFileType = sourcecode.swift; path = ViewController.swift; sourceTree = "<group>"; };
		63E8C32A1DFE752A00AE5727 /* Base */ = {isa = PBXFileReference; lastKnownFileType = file.storyboard; name = Base; path = Base.lproj/Main.storyboard; sourceTree = "<group>"; };
		63E8C32C1DFE752A00AE5727 /* Assets.xcassets */ = {isa = PBXFileReference; lastKnownFileType = folder.assetcatalog; path = Assets.xcassets; sourceTree = "<group>"; };
		63E8C32F1DFE752A00AE5727 /* Base */ = {isa = PBXFileReference; lastKnownFileType = file.storyboard; name = Base; path = Base.lproj/LaunchScreen.storyboard; sourceTree = "<group>"; };
		63E8C3311DFE752A00AE5727 /* Info.plist */ = {isa = PBXFileReference; lastKnownFileType = text.plist.xml; path = Info.plist; sourceTree = "<group>"; };
		63E8C3361DFE752A00AE5727 /* AllKindsExtensionsTests.xctest */ = {isa = PBXFileReference; explicitFileType = wrapper.cfbundle; includeInIndex = 0; path = AllKindsExtensionsTests.xctest; sourceTree = BUILT_PRODUCTS_DIR; };
		63E8C33A1DFE752A00AE5727 /* AllKindsExtensionsTests.swift */ = {isa = PBXFileReference; lastKnownFileType = sourcecode.swift; path = AllKindsExtensionsTests.swift; sourceTree = "<group>"; };
		63E8C33C1DFE752A00AE5727 /* Info.plist */ = {isa = PBXFileReference; lastKnownFileType = text.plist.xml; path = Info.plist; sourceTree = "<group>"; };
		63E8C3411DFE752A00AE5727 /* AllKindsExtensionsUITests.xctest */ = {isa = PBXFileReference; explicitFileType = wrapper.cfbundle; includeInIndex = 0; path = AllKindsExtensionsUITests.xctest; sourceTree = BUILT_PRODUCTS_DIR; };
		63E8C3451DFE752A00AE5727 /* AllKindsExtensionsUITests.swift */ = {isa = PBXFileReference; lastKnownFileType = sourcecode.swift; path = AllKindsExtensionsUITests.swift; sourceTree = "<group>"; };
		63E8C3471DFE752A00AE5727 /* Info.plist */ = {isa = PBXFileReference; lastKnownFileType = text.plist.xml; path = Info.plist; sourceTree = "<group>"; };
/* End PBXFileReference section */

/* Begin PBXFrameworksBuildPhase section */
		63E8C31F1DFE752A00AE5727 /* Frameworks */ = {
			isa = PBXFrameworksBuildPhase;
			buildActionMask = 2147483647;
			files = (
			);
			runOnlyForDeploymentPostprocessing = 0;
		};
		63E8C3331DFE752A00AE5727 /* Frameworks */ = {
			isa = PBXFrameworksBuildPhase;
			buildActionMask = 2147483647;
			files = (
			);
			runOnlyForDeploymentPostprocessing = 0;
		};
		63E8C33E1DFE752A00AE5727 /* Frameworks */ = {
			isa = PBXFrameworksBuildPhase;
			buildActionMask = 2147483647;
			files = (
			);
			runOnlyForDeploymentPostprocessing = 0;
		};
/* End PBXFrameworksBuildPhase section */

/* Begin PBXGroup section */
		63E8C3191DFE752A00AE5727 = {
			isa = PBXGroup;
			children = (
				63E8C3241DFE752A00AE5727 /* AllKindsExtensions */,
				63E8C3391DFE752A00AE5727 /* AllKindsExtensionsTests */,
				63E8C3441DFE752A00AE5727 /* AllKindsExtensionsUITests */,
				63E8C3231DFE752A00AE5727 /* Products */,
			);
			sourceTree = "<group>";
		};
		63E8C3231DFE752A00AE5727 /* Products */ = {
			isa = PBXGroup;
			children = (
				63E8C3221DFE752A00AE5727 /* AllKindsExtensions.app */,
				63E8C3361DFE752A00AE5727 /* AllKindsExtensionsTests.xctest */,
				63E8C3411DFE752A00AE5727 /* AllKindsExtensionsUITests.xctest */,
			);
			name = Products;
			sourceTree = "<group>";
		};
		63E8C3241DFE752A00AE5727 /* AllKindsExtensions */ = {
			isa = PBXGroup;
			children = (
				63E8C3251DFE752A00AE5727 /* AppDelegate.swift */,
				63E8C3271DFE752A00AE5727 /* ViewController.swift */,
				63E8C3291DFE752A00AE5727 /* Main.storyboard */,
				63E8C32C1DFE752A00AE5727 /* Assets.xcassets */,
				63E8C32E1DFE752A00AE5727 /* LaunchScreen.storyboard */,
				63E8C3311DFE752A00AE5727 /* Info.plist */,
			);
			path = AllKindsExtensions;
			sourceTree = "<group>";
		};
		63E8C3391DFE752A00AE5727 /* AllKindsExtensionsTests */ = {
			isa = PBXGroup;
			children = (
				63E8C33A1DFE752A00AE5727 /* AllKindsExtensionsTests.swift */,
				63E8C33C1DFE752A00AE5727 /* Info.plist */,
			);
			path = AllKindsExtensionsTests;
			sourceTree = "<group>";
		};
		63E8C3441DFE752A00AE5727 /* AllKindsExtensionsUITests */ = {
			isa = PBXGroup;
			children = (
				63E8C3451DFE752A00AE5727 /* AllKindsExtensionsUITests.swift */,
				63E8C3471DFE752A00AE5727 /* Info.plist */,
			);
			path = AllKindsExtensionsUITests;
			sourceTree = "<group>";
		};
/* End PBXGroup section */

/* Begin PBXNativeTarget section */
		63E8C3211DFE752A00AE5727 /* AllKindsExtensions */ = {
			isa = PBXNativeTarget;
			buildConfigurationList = 63E8C34A1DFE752A00AE5727 /* Build configuration list for PBXNativeTarget "AllKindsExtensions" */;
			buildPhases = (
				63E8C31E1DFE752A00AE5727 /* Sources */,
				63E8C31F1DFE752A00AE5727 /* Frameworks */,
				63E8C3201DFE752A00AE5727 /* Resources */,
			);
			buildRules = (
			);
			dependencies = (
			);
			name = AllKindsExtensions;
			productName = AllKindsExtensions;
			productReference = 63E8C3221DFE752A00AE5727 /* AllKindsExtensions.app */;
			productType = "com.apple.product-type.application";
		};
		63E8C3351DFE752A00AE5727 /* AllKindsExtensionsTests */ = {
			isa = PBXNativeTarget;
			buildConfigurationList = 63E8C34D1DFE752A00AE5727 /* Build configuration list for PBXNativeTarget "AllKindsExtensionsTests" */;
			buildPhases = (
				63E8C3321DFE752A00AE5727 /* Sources */,
				63E8C3331DFE752A00AE5727 /* Frameworks */,
				63E8C3341DFE752A00AE5727 /* Resources */,
			);
			buildRules = (
			);
			dependencies = (
				63E8C3381DFE752A00AE5727 /* PBXTargetDependency */,
			);
			name = AllKindsExtensionsTests;
			productName = AllKindsExtensionsTests;
			productReference = 63E8C3361DFE752A00AE5727 /* AllKindsExtensionsTests.xctest */;
			productType = "com.apple.product-type.bundle.unit-test";
		};
		63E8C3401DFE752A00AE5727 /* AllKindsExtensionsUITests */ = {
			isa = PBXNativeTarget;
			buildConfigurationList = 63E8C3501DFE752A00AE5727 /* Build configuration list for PBXNativeTarget "AllKindsExtensionsUITests" */;
			buildPhases = (
				63E8C33D1DFE752A00AE5727 /* Sources */,
				63E8C33E1DFE752A00AE5727 /* Frameworks */,
				63E8C33F1DFE752A00AE5727 /* Resources */,
			);
			buildRules = (
			);
			dependencies = (
				63E8C3431DFE752A00AE5727 /* PBXTargetDependency */,
			);
			name = AllKindsExtensionsUITests;
			productName = AllKindsExtensionsUITests;
			productReference = 63E8C3411DFE752A00AE5727 /* AllKindsExtensionsUITests.xctest */;
			productType = "com.apple.product-type.bundle.ui-testing";
		};
/* End PBXNativeTarget section */

/* Begin PBXProject section */
		63E8C31A1DFE752A00AE5727 /* Project object */ = {
			isa = PBXProject;
			attributes = {
				LastSwiftUpdateCheck = 0820;
				LastUpgradeCheck = 0820;
				ORGANIZATIONNAME = David;
				TargetAttributes = {
					63E8C3211DFE752A00AE5727 = {
						CreatedOnToolsVersion = 8.2;
						ProvisioningStyle = Automatic;
					};
					63E8C3351DFE752A00AE5727 = {
						CreatedOnToolsVersion = 8.2;
						ProvisioningStyle = Automatic;
						TestTargetID = 63E8C3211DFE752A00AE5727;
					};
					63E8C3401DFE752A00AE5727 = {
						CreatedOnToolsVersion = 8.2;
						ProvisioningStyle = Automatic;
						TestTargetID = 63E8C3211DFE752A00AE5727;
					};
				};
			};
			buildConfigurationList = 63E8C31D1DFE752A00AE5727 /* Build configuration list for PBXProject "AllKindsExtensions" */;
			compatibilityVersion = "Xcode 3.2";
			developmentRegion = English;
			hasScannedForEncodings = 0;
			knownRegions = (
				en,
				Base,
			);
			mainGroup = 63E8C3191DFE752A00AE5727;
			productRefGroup = 63E8C3231DFE752A00AE5727 /* Products */;
			projectDirPath = "";
			projectRoot = "";
			targets = (
				63E8C3211DFE752A00AE5727 /* AllKindsExtensions */,
				63E8C3351DFE752A00AE5727 /* AllKindsExtensionsTests */,
				63E8C3401DFE752A00AE5727 /* AllKindsExtensionsUITests */,
			);
		};
/* End PBXProject section */

/* Begin PBXResourcesBuildPhase section */
		63E8C3201DFE752A00AE5727 /* Resources */ = {
			isa = PBXResourcesBuildPhase;
			buildActionMask = 2147483647;
			files = (
				63E8C3301DFE752A00AE5727 /* LaunchScreen.storyboard in Resources */,
				63E8C32D1DFE752A00AE5727 /* Assets.xcassets in Resources */,
				63E8C32B1DFE752A00AE5727 /* Main.storyboard in Resources */,
			);
			runOnlyForDeploymentPostprocessing = 0;
		};
		63E8C3341DFE752A00AE5727 /* Resources */ = {
			isa = PBXResourcesBuildPhase;
			buildActionMask = 2147483647;
			files = (
			);
			runOnlyForDeploymentPostprocessing = 0;
		};
		63E8C33F1DFE752A00AE5727 /* Resources */ = {
			isa = PBXResourcesBuildPhase;
			buildActionMask = 2147483647;
			files = (
			);
			runOnlyForDeploymentPostprocessing = 0;
		};
/* End PBXResourcesBuildPhase section */

/* Begin PBXSourcesBuildPhase section */
		63E8C31E1DFE752A00AE5727 /* Sources */ = {
			isa = PBXSourcesBuildPhase;
			buildActionMask = 2147483647;
			files = (
				63E8C3281DFE752A00AE5727 /* ViewController.swift in Sources */,
				63E8C3261DFE752A00AE5727 /* AppDelegate.swift in Sources */,
			);
			runOnlyForDeploymentPostprocessing = 0;
		};
		63E8C3321DFE752A00AE5727 /* Sources */ = {
			isa = PBXSourcesBuildPhase;
			buildActionMask = 2147483647;
			files = (
				63E8C33B1DFE752A00AE5727 /* AllKindsExtensionsTests.swift in Sources */,
			);
			runOnlyForDeploymentPostprocessing = 0;
		};
		63E8C33D1DFE752A00AE5727 /* Sources */ = {
			isa = PBXSourcesBuildPhase;
			buildActionMask = 2147483647;
			files = (
				63E8C3461DFE752A00AE5727 /* AllKindsExtensionsUITests.swift in Sources */,
			);
			runOnlyForDeploymentPostprocessing = 0;
		};
/* End PBXSourcesBuildPhase section */

/* Begin PBXTargetDependency section */
		63E8C3381DFE752A00AE5727 /* PBXTargetDependency */ = {
			isa = PBXTargetDependency;
			target = 63E8C3211DFE752A00AE5727 /* AllKindsExtensions */;
			targetProxy = 63E8C3371DFE752A00AE5727 /* PBXContainerItemProxy */;
		};
		63E8C3431DFE752A00AE5727 /* PBXTargetDependency */ = {
			isa = PBXTargetDependency;
			target = 63E8C3211DFE752A00AE5727 /* AllKindsExtensions */;
			targetProxy = 63E8C3421DFE752A00AE5727 /* PBXContainerItemProxy */;
		};
/* End PBXTargetDependency section */

/* Begin PBXVariantGroup section */
		63E8C3291DFE752A00AE5727 /* Main.storyboard */ = {
			isa = PBXVariantGroup;
			children = (
				63E8C32A1DFE752A00AE5727 /* Base */,
			);
			name = Main.storyboard;
			sourceTree = "<group>";
		};
		63E8C32E1DFE752A00AE5727 /* LaunchScreen.storyboard */ = {
			isa = PBXVariantGroup;
			children = (
				63E8C32F1DFE752A00AE5727 /* Base */,
			);
			name = LaunchScreen.storyboard;
			sourceTree = "<group>";
		};
/* End PBXVariantGroup section */

/* Begin XCBuildConfiguration section */
		63E8C3481DFE752A00AE5727 /* Debug */ = {
			isa = XCBuildConfiguration;
			buildSettings = {
				ALWAYS_SEARCH_USER_PATHS = NO;
				CLANG_ANALYZER_NONNULL = YES;
				CLANG_CXX_LANGUAGE_STANDARD = "gnu++0x";
				CLANG_CXX_LIBRARY = "libc++";
				CLANG_ENABLE_MODULES = YES;
				CLANG_ENABLE_OBJC_ARC = YES;
				CLANG_WARN_BOOL_CONVERSION = YES;
				CLANG_WARN_CONSTANT_CONVERSION = YES;
				CLANG_WARN_DIRECT_OBJC_ISA_USAGE = YES_ERROR;
				CLANG_WARN_DOCUMENTATION_COMMENTS = YES;
				CLANG_WARN_EMPTY_BODY = YES;
				CLANG_WARN_ENUM_CONVERSION = YES;
				CLANG_WARN_INFINITE_RECURSION = YES;
				CLANG_WARN_INT_CONVERSION = YES;
				CLANG_WARN_OBJC_ROOT_CLASS = YES_ERROR;
				CLANG_WARN_SUSPICIOUS_MOVE = YES;
				CLANG_WARN_UNREACHABLE_CODE = YES;
				CLANG_WARN__DUPLICATE_METHOD_MATCH = YES;
				"CODE_SIGN_IDENTITY[sdk=iphoneos*]" = "iPhone Developer";
				COPY_PHASE_STRIP = NO;
				DEBUG_INFORMATION_FORMAT = dwarf;
				ENABLE_STRICT_OBJC_MSGSEND = YES;
				ENABLE_TESTABILITY = YES;
				GCC_C_LANGUAGE_STANDARD = gnu99;
				GCC_DYNAMIC_NO_PIC = NO;
				GCC_NO_COMMON_BLOCKS = YES;
				GCC_OPTIMIZATION_LEVEL = 0;
				GCC_PREPROCESSOR_DEFINITIONS = (
					"DEBUG=1",
					"$(inherited)",
				);
				GCC_WARN_64_TO_32_BIT_CONVERSION = YES;
				GCC_WARN_ABOUT_RETURN_TYPE = YES_ERROR;
				GCC_WARN_UNDECLARED_SELECTOR = YES;
				GCC_WARN_UNINITIALIZED_AUTOS = YES_AGGRESSIVE;
				GCC_WARN_UNUSED_FUNCTION = YES;
				GCC_WARN_UNUSED_VARIABLE = YES;
				IPHONEOS_DEPLOYMENT_TARGET = 10.2;
				MTL_ENABLE_DEBUG_INFO = YES;
				ONLY_ACTIVE_ARCH = YES;
				SDKROOT = iphoneos;
				SWIFT_ACTIVE_COMPILATION_CONDITIONS = DEBUG;
				SWIFT_OPTIMIZATION_LEVEL = "-Onone";
				TARGETED_DEVICE_FAMILY = "1,2";
			};
			name = Debug;
		};
		63E8C3491DFE752A00AE5727 /* Release */ = {
			isa = XCBuildConfiguration;
			buildSettings = {
				ALWAYS_SEARCH_USER_PATHS = NO;
				CLANG_ANALYZER_NONNULL = YES;
				CLANG_CXX_LANGUAGE_STANDARD = "gnu++0x";
				CLANG_CXX_LIBRARY = "libc++";
				CLANG_ENABLE_MODULES = YES;
				CLANG_ENABLE_OBJC_ARC = YES;
				CLANG_WARN_BOOL_CONVERSION = YES;
				CLANG_WARN_CONSTANT_CONVERSION = YES;
				CLANG_WARN_DIRECT_OBJC_ISA_USAGE = YES_ERROR;
				CLANG_WARN_DOCUMENTATION_COMMENTS = YES;
				CLANG_WARN_EMPTY_BODY = YES;
				CLANG_WARN_ENUM_CONVERSION = YES;
				CLANG_WARN_INFINITE_RECURSION = YES;
				CLANG_WARN_INT_CONVERSION = YES;
				CLANG_WARN_OBJC_ROOT_CLASS = YES_ERROR;
				CLANG_WARN_SUSPICIOUS_MOVE = YES;
				CLANG_WARN_UNREACHABLE_CODE = YES;
				CLANG_WARN__DUPLICATE_METHOD_MATCH = YES;
				"CODE_SIGN_IDENTITY[sdk=iphoneos*]" = "iPhone Developer";
				COPY_PHASE_STRIP = NO;
				DEBUG_INFORMATION_FORMAT = "dwarf-with-dsym";
				ENABLE_NS_ASSERTIONS = NO;
				ENABLE_STRICT_OBJC_MSGSEND = YES;
				GCC_C_LANGUAGE_STANDARD = gnu99;
				GCC_NO_COMMON_BLOCKS = YES;
				GCC_WARN_64_TO_32_BIT_CONVERSION = YES;
				GCC_WARN_ABOUT_RETURN_TYPE = YES_ERROR;
				GCC_WARN_UNDECLARED_SELECTOR = YES;
				GCC_WARN_UNINITIALIZED_AUTOS = YES_AGGRESSIVE;
				GCC_WARN_UNUSED_FUNCTION = YES;
				GCC_WARN_UNUSED_VARIABLE = YES;
				IPHONEOS_DEPLOYMENT_TARGET = 10.2;
				MTL_ENABLE_DEBUG_INFO = NO;
				SDKROOT = iphoneos;
				SWIFT_OPTIMIZATION_LEVEL = "-Owholemodule";
				TARGETED_DEVICE_FAMILY = "1,2";
				VALIDATE_PRODUCT = YES;
			};
			name = Release;
		};
		63E8C34B1DFE752A00AE5727 /* Debug */ = {
			isa = XCBuildConfiguration;
			buildSettings = {
				ASSETCATALOG_COMPILER_APPICON_NAME = AppIcon;
				INFOPLIST_FILE = AllKindsExtensions/Info.plist;
				LD_RUNPATH_SEARCH_PATHS = "$(inherited) @executable_path/Frameworks";
				PRODUCT_BUNDLE_IDENTIFIER = io.david.AllKindsExtensions;
				PRODUCT_NAME = "$(TARGET_NAME)";
				SWIFT_VERSION = 3.0;
			};
			name = Debug;
		};
		63E8C34C1DFE752A00AE5727 /* Release */ = {
			isa = XCBuildConfiguration;
			buildSettings = {
				ASSETCATALOG_COMPILER_APPICON_NAME = AppIcon;
				INFOPLIST_FILE = AllKindsExtensions/Info.plist;
				LD_RUNPATH_SEARCH_PATHS = "$(inherited) @executable_path/Frameworks";
				PRODUCT_BUNDLE_IDENTIFIER = io.david.AllKindsExtensions;
				PRODUCT_NAME = "$(TARGET_NAME)";
				SWIFT_VERSION = 3.0;
			};
			name = Release;
		};
		63E8C34E1DFE752A00AE5727 /* Debug */ = {
			isa = XCBuildConfiguration;
			buildSettings = {
				ALWAYS_EMBED_SWIFT_STANDARD_LIBRARIES = YES;
				BUNDLE_LOADER = "$(TEST_HOST)";
				INFOPLIST_FILE = AllKindsExtensionsTests/Info.plist;
				LD_RUNPATH_SEARCH_PATHS = "$(inherited) @executable_path/Frameworks @loader_path/Frameworks";
				PRODUCT_BUNDLE_IDENTIFIER = io.david.AllKindsExtensionsTests;
				PRODUCT_NAME = "$(TARGET_NAME)";
				SWIFT_VERSION = 3.0;
				TEST_HOST = "$(BUILT_PRODUCTS_DIR)/AllKindsExtensions.app/AllKindsExtensions";
			};
			name = Debug;
		};
		63E8C34F1DFE752A00AE5727 /* Release */ = {
			isa = XCBuildConfiguration;
			buildSettings = {
				ALWAYS_EMBED_SWIFT_STANDARD_LIBRARIES = YES;
				BUNDLE_LOADER = "$(TEST_HOST)";
				INFOPLIST_FILE = AllKindsExtensionsTests/Info.plist;
				LD_RUNPATH_SEARCH_PATHS = "$(inherited) @executable_path/Frameworks @loader_path/Frameworks";
				PRODUCT_BUNDLE_IDENTIFIER = io.david.AllKindsExtensionsTests;
				PRODUCT_NAME = "$(TARGET_NAME)";
				SWIFT_VERSION = 3.0;
				TEST_HOST = "$(BUILT_PRODUCTS_DIR)/AllKindsExtensions.app/AllKindsExtensions";
			};
			name = Release;
		};
		63E8C3511DFE752A00AE5727 /* Debug */ = {
			isa = XCBuildConfiguration;
			buildSettings = {
				ALWAYS_EMBED_SWIFT_STANDARD_LIBRARIES = YES;
				INFOPLIST_FILE = AllKindsExtensionsUITests/Info.plist;
				LD_RUNPATH_SEARCH_PATHS = "$(inherited) @executable_path/Frameworks @loader_path/Frameworks";
				PRODUCT_BUNDLE_IDENTIFIER = io.david.AllKindsExtensionsUITests;
				PRODUCT_NAME = "$(TARGET_NAME)";
				SWIFT_VERSION = 3.0;
				TEST_TARGET_NAME = AllKindsExtensions;
			};
			name = Debug;
		};
		63E8C3521DFE752A00AE5727 /* Release */ = {
			isa = XCBuildConfiguration;
			buildSettings = {
				ALWAYS_EMBED_SWIFT_STANDARD_LIBRARIES = YES;
				INFOPLIST_FILE = AllKindsExtensionsUITests/Info.plist;
				LD_RUNPATH_SEARCH_PATHS = "$(inherited) @executable_path/Frameworks @loader_path/Frameworks";
				PRODUCT_BUNDLE_IDENTIFIER = io.david.AllKindsExtensionsUITests;
				PRODUCT_NAME = "$(TARGET_NAME)";
				SWIFT_VERSION = 3.0;
				TEST_TARGET_NAME = AllKindsExtensions;
			};
			name = Release;
		};
/* End XCBuildConfiguration section */

/* Begin XCConfigurationList section */
		63E8C31D1DFE752A00AE5727 /* Build configuration list for PBXProject "AllKindsExtensions" */ = {
			isa = XCConfigurationList;
			buildConfigurations = (
				63E8C3481DFE752A00AE5727 /* Debug */,
				63E8C3491DFE752A00AE5727 /* Release */,
			);
			defaultConfigurationIsVisible = 0;
			defaultConfigurationName = Release;
		};
		63E8C34A1DFE752A00AE5727 /* Build configuration list for PBXNativeTarget "AllKindsExtensions" */ = {
			isa = XCConfigurationList;
			buildConfigurations = (
				63E8C34B1DFE752A00AE5727 /* Debug */,
				63E8C34C1DFE752A00AE5727 /* Release */,
			);
			defaultConfigurationIsVisible = 0;
		};
		63E8C34D1DFE752A00AE5727 /* Build configuration list for PBXNativeTarget "AllKindsExtensionsTests" */ = {
			isa = XCConfigurationList;
			buildConfigurations = (
				63E8C34E1DFE752A00AE5727 /* Debug */,
				63E8C34F1DFE752A00AE5727 /* Release */,
			);
			defaultConfigurationIsVisible = 0;
		};
		63E8C3501DFE752A00AE5727 /* Build configuration list for PBXNativeTarget "AllKindsExtensionsUITests" */ = {
			isa = XCConfigurationList;
			buildConfigurations = (
				63E8C3511DFE752A00AE5727 /* Debug */,
				63E8C3521DFE752A00AE5727 /* Release */,
			);
			defaultConfigurationIsVisible = 0;
		};
/* End XCConfigurationList section */
	};
	rootObject = 63E8C31A1DFE752A00AE5727 /* Project object */;
}
