// !$*UTF8*$!
{
	archiveVersion = 1;
	classes = {
	};
	objectVersion = 46;
	objects = {

/* Begin PBXBuildFile section */
		63E8C3261DFE752A00AE5727 /* AppDelegate.swift in Sources */ = {isa = PBXBuildFile; fileRef = 63E8C3251DFE752A00AE5727 /* AppDelegate.swift */; };
		63E8C3281DFE752A00AE5727 /* ViewController.swift in Sources */ = {isa = PBXBuildFile; fileRef = 63E8C3271DFE752A00AE5727 /* ViewController.swift */; };
		63E8C32B1DFE752A00AE5727 /* Main.storyboard in Resources */ = {isa = PBXBuildFile; fileRef = 63E8C3291DFE752A00AE5727 /* Main.storyboard */; };
		63E8C32D1DFE752A00AE5727 /* Assets.xcassets in Resources */ = {isa = PBXBuildFile; fileRef = 63E8C32C1DFE752A00AE5727 /* Assets.xcassets */; };
		63E8C3301DFE752A00AE5727 /* LaunchScreen.storyboard in Resources */ = {isa = PBXBuildFile; fileRef = 63E8C32E1DFE752A00AE5727 /* LaunchScreen.storyboard */; };
		63E8C33B1DFE752A00AE5727 /* AllKindsExtensionsTests.swift in Sources */ = {isa = PBXBuildFile; fileRef = 63E8C33A1DFE752A00AE5727 /* AllKindsExtensionsTests.swift */; };
		63E8C3461DFE752A00AE5727 /* AllKindsExtensionsUITests.swift in Sources */ = {isa = PBXBuildFile; fileRef = 63E8C3451DFE752A00AE5727 /* AllKindsExtensionsUITests.swift */; };
		63E8C3681DFE757D00AE5727 /* DataExtension.swift in Sources */ = {isa = PBXBuildFile; fileRef = 63E8C3561DFE757D00AE5727 /* DataExtension.swift */; };
		63E8C3691DFE757D00AE5727 /* UIImageViewExtension.swift in Sources */ = {isa = PBXBuildFile; fileRef = 63E8C3571DFE757D00AE5727 /* UIImageViewExtension.swift */; };
		63E8C36A1DFE757D00AE5727 /* DateExtension.swift in Sources */ = {isa = PBXBuildFile; fileRef = 63E8C3581DFE757D00AE5727 /* DateExtension.swift */; };
		63E8C36D1DFE757D00AE5727 /* StringExtension.swift in Sources */ = {isa = PBXBuildFile; fileRef = 63E8C35B1DFE757D00AE5727 /* StringExtension.swift */; };
		63E8C36E1DFE757D00AE5727 /* NumerExtensions.swift in Sources */ = {isa = PBXBuildFile; fileRef = 63E8C35C1DFE757D00AE5727 /* NumerExtensions.swift */; };
		63E8C36F1DFE757D00AE5727 /* SwiftyJSONExtension.swift in Sources */ = {isa = PBXBuildFile; fileRef = 63E8C35D1DFE757D00AE5727 /* SwiftyJSONExtension.swift */; };
		63E8C3701DFE757D00AE5727 /* UIColorExtension.swift in Sources */ = {isa = PBXBuildFile; fileRef = 63E8C35E1DFE757D00AE5727 /* UIColorExtension.swift */; };
		63E8C3711DFE757D00AE5727 /* UIImageExtension.swift in Sources */ = {isa = PBXBuildFile; fileRef = 63E8C35F1DFE757D00AE5727 /* UIImageExtension.swift */; };
		63E8C3721DFE757D00AE5727 /* UILabelExtension.swift in Sources */ = {isa = PBXBuildFile; fileRef = 63E8C3601DFE757D00AE5727 /* UILabelExtension.swift */; };
		63E8C3731DFE757D00AE5727 /* UIViewExtension.swift in Sources */ = {isa = PBXBuildFile; fileRef = 63E8C3611DFE757D00AE5727 /* UIViewExtension.swift */; };
		63E8C3741DFE757D00AE5727 /* UIViewControllerExtension.swift in Sources */ = {isa = PBXBuildFile; fileRef = 63E8C3621DFE757D00AE5727 /* UIViewControllerExtension.swift */; };
		63E8C3751DFE757D00AE5727 /* ArrayExtestion.swift in Sources */ = {isa = PBXBuildFile; fileRef = 63E8C3631DFE757D00AE5727 /* ArrayExtestion.swift */; };
		63E8C3761DFE757D00AE5727 /* UICollectionViewExtension.swift in Sources */ = {isa = PBXBuildFile; fileRef = 63E8C3641DFE757D00AE5727 /* UICollectionViewExtension.swift */; };
		63E8C3771DFE757D00AE5727 /* SequenceExtension.swift in Sources */ = {isa = PBXBuildFile; fileRef = 63E8C3651DFE757D00AE5727 /* SequenceExtension.swift */; };
		63E8C3791DFE774800AE5727 /* Queue.swift in Sources */ = {isa = PBXBuildFile; fileRef = 63E8C3781DFE774800AE5727 /* Queue.swift */; };
		63E8C37B1DFE778E00AE5727 /* SomeStruct.swift in Sources */ = {isa = PBXBuildFile; fileRef = 63E8C37A1DFE778E00AE5727 /* SomeStruct.swift */; };
		63E8C37D1DFE804E00AE5727 /* NSObjectExtension.swift in Sources */ = {isa = PBXBuildFile; fileRef = 63E8C37C1DFE804E00AE5727 /* NSObjectExtension.swift */; };
		63E8C37F1DFE832700AE5727 /* UIAlertControllerExtension.swift in Sources */ = {isa = PBXBuildFile; fileRef = 63E8C37E1DFE832700AE5727 /* UIAlertControllerExtension.swift */; };
		63E8C3811DFE844500AE5727 /* UIApplicationExtension.swift in Sources */ = {isa = PBXBuildFile; fileRef = 63E8C3801DFE844500AE5727 /* UIApplicationExtension.swift */; };
		63E8C3831DFE8B1000AE5727 /* UITableViewExtension.swift in Sources */ = {isa = PBXBuildFile; fileRef = 63E8C3821DFE8B1000AE5727 /* UITableViewExtension.swift */; };
		C3B7021E21881364ABF3A567 /* Pods_AllKindsExtensions.framework in Frameworks */ = {isa = PBXBuildFile; fileRef = 6A79D3187B50ABFBDF2B8B85 /* Pods_AllKindsExtensions.framework */; };
		DE6B1F2216F0CF06EB3DCAE9 /* Pods_AllKindsExtensionsTests.framework in Frameworks */ = {isa = PBXBuildFile; fileRef = ED1D4ED550FC17E09E77BEEA /* Pods_AllKindsExtensionsTests.framework */; };
		E28846FCF6ADC7437B620703 /* Pods_AllKindsExtensionsUITests.framework in Frameworks */ = {isa = PBXBuildFile; fileRef = 60AAC913072809FB0AB75B17 /* Pods_AllKindsExtensionsUITests.framework */; };
/* End PBXBuildFile section */

/* Begin PBXContainerItemProxy section */
		63E8C3371DFE752A00AE5727 /* PBXContainerItemProxy */ = {
			isa = PBXContainerItemProxy;
			containerPortal = 63E8C31A1DFE752A00AE5727 /* Project object */;
			proxyType = 1;
			remoteGlobalIDString = 63E8C3211DFE752A00AE5727;
			remoteInfo = AllKindsExtensions;
		};
		63E8C3421DFE752A00AE5727 /* PBXContainerItemProxy */ = {
			isa = PBXContainerItemProxy;
			containerPortal = 63E8C31A1DFE752A00AE5727 /* Project object */;
			proxyType = 1;
			remoteGlobalIDString = 63E8C3211DFE752A00AE5727;
			remoteInfo = AllKindsExtensions;
		};
/* End PBXContainerItemProxy section */

/* Begin PBXFileReference section */
		04AED5F2B6528D3627710991 /* Pods-AllKindsExtensionsTests.debug.xcconfig */ = {isa = PBXFileReference; includeInIndex = 1; lastKnownFileType = text.xcconfig; name = "Pods-AllKindsExtensionsTests.debug.xcconfig"; path = "Pods/Target Support Files/Pods-AllKindsExtensionsTests/Pods-AllKindsExtensionsTests.debug.xcconfig"; sourceTree = "<group>"; };
		0873649606AC74C700D230BE /* Pods-AllKindsExtensionsUITests.release.xcconfig */ = {isa = PBXFileReference; includeInIndex = 1; lastKnownFileType = text.xcconfig; name = "Pods-AllKindsExtensionsUITests.release.xcconfig"; path = "Pods/Target Support Files/Pods-AllKindsExtensionsUITests/Pods-AllKindsExtensionsUITests.release.xcconfig"; sourceTree = "<group>"; };
		168E6CAB4C149B49F4C0C762 /* Pods-AllKindsExtensionsTests.release.xcconfig */ = {isa = PBXFileReference; includeInIndex = 1; lastKnownFileType = text.xcconfig; name = "Pods-AllKindsExtensionsTests.release.xcconfig"; path = "Pods/Target Support Files/Pods-AllKindsExtensionsTests/Pods-AllKindsExtensionsTests.release.xcconfig"; sourceTree = "<group>"; };
		60AAC913072809FB0AB75B17 /* Pods_AllKindsExtensionsUITests.framework */ = {isa = PBXFileReference; explicitFileType = wrapper.framework; includeInIndex = 0; path = Pods_AllKindsExtensionsUITests.framework; sourceTree = BUILT_PRODUCTS_DIR; };
		63E8C3221DFE752A00AE5727 /* AllKindsExtensions.app */ = {isa = PBXFileReference; explicitFileType = wrapper.application; includeInIndex = 0; path = AllKindsExtensions.app; sourceTree = BUILT_PRODUCTS_DIR; };
		63E8C3251DFE752A00AE5727 /* AppDelegate.swift */ = {isa = PBXFileReference; lastKnownFileType = sourcecode.swift; path = AppDelegate.swift; sourceTree = "<group>"; };
		63E8C3271DFE752A00AE5727 /* ViewController.swift */ = {isa = PBXFileReference; lastKnownFileType = sourcecode.swift; path = ViewController.swift; sourceTree = "<group>"; };
		63E8C32A1DFE752A00AE5727 /* Base */ = {isa = PBXFileReference; lastKnownFileType = file.storyboard; name = Base; path = Base.lproj/Main.storyboard; sourceTree = "<group>"; };
		63E8C32C1DFE752A00AE5727 /* Assets.xcassets */ = {isa = PBXFileReference; lastKnownFileType = folder.assetcatalog; path = Assets.xcassets; sourceTree = "<group>"; };
		63E8C32F1DFE752A00AE5727 /* Base */ = {isa = PBXFileReference; lastKnownFileType = file.storyboard; name = Base; path = Base.lproj/LaunchScreen.storyboard; sourceTree = "<group>"; };
		63E8C3311DFE752A00AE5727 /* Info.plist */ = {isa = PBXFileReference; lastKnownFileType = text.plist.xml; path = Info.plist; sourceTree = "<group>"; };
		63E8C3361DFE752A00AE5727 /* AllKindsExtensionsTests.xctest */ = {isa = PBXFileReference; explicitFileType = wrapper.cfbundle; includeInIndex = 0; path = AllKindsExtensionsTests.xctest; sourceTree = BUILT_PRODUCTS_DIR; };
		63E8C33A1DFE752A00AE5727 /* AllKindsExtensionsTests.swift */ = {isa = PBXFileReference; lastKnownFileType = sourcecode.swift; path = AllKindsExtensionsTests.swift; sourceTree = "<group>"; };
		63E8C33C1DFE752A00AE5727 /* Info.plist */ = {isa = PBXFileReference; lastKnownFileType = text.plist.xml; path = Info.plist; sourceTree = "<group>"; };
		63E8C3411DFE752A00AE5727 /* AllKindsExtensionsUITests.xctest */ = {isa = PBXFileReference; explicitFileType = wrapper.cfbundle; includeInIndex = 0; path = AllKindsExtensionsUITests.xctest; sourceTree = BUILT_PRODUCTS_DIR; };
		63E8C3451DFE752A00AE5727 /* AllKindsExtensionsUITests.swift */ = {isa = PBXFileReference; lastKnownFileType = sourcecode.swift; path = AllKindsExtensionsUITests.swift; sourceTree = "<group>"; };
		63E8C3471DFE752A00AE5727 /* Info.plist */ = {isa = PBXFileReference; lastKnownFileType = text.plist.xml; path = Info.plist; sourceTree = "<group>"; };
		63E8C3561DFE757D00AE5727 /* DataExtension.swift */ = {isa = PBXFileReference; fileEncoding = 4; lastKnownFileType = sourcecode.swift; path = DataExtension.swift; sourceTree = "<group>"; };
		63E8C3571DFE757D00AE5727 /* UIImageViewExtension.swift */ = {isa = PBXFileReference; fileEncoding = 4; lastKnownFileType = sourcecode.swift; path = UIImageViewExtension.swift; sourceTree = "<group>"; };
		63E8C3581DFE757D00AE5727 /* DateExtension.swift */ = {isa = PBXFileReference; fileEncoding = 4; lastKnownFileType = sourcecode.swift; path = DateExtension.swift; sourceTree = "<group>"; };
		63E8C35B1DFE757D00AE5727 /* StringExtension.swift */ = {isa = PBXFileReference; fileEncoding = 4; lastKnownFileType = sourcecode.swift; path = StringExtension.swift; sourceTree = "<group>"; };
		63E8C35C1DFE757D00AE5727 /* NumerExtensions.swift */ = {isa = PBXFileReference; fileEncoding = 4; lastKnownFileType = sourcecode.swift; path = NumerExtensions.swift; sourceTree = "<group>"; };
		63E8C35D1DFE757D00AE5727 /* SwiftyJSONExtension.swift */ = {isa = PBXFileReference; fileEncoding = 4; lastKnownFileType = sourcecode.swift; path = SwiftyJSONExtension.swift; sourceTree = "<group>"; };
		63E8C35E1DFE757D00AE5727 /* UIColorExtension.swift */ = {isa = PBXFileReference; fileEncoding = 4; lastKnownFileType = sourcecode.swift; path = UIColorExtension.swift; sourceTree = "<group>"; };
		63E8C35F1DFE757D00AE5727 /* UIImageExtension.swift */ = {isa = PBXFileReference; fileEncoding = 4; lastKnownFileType = sourcecode.swift; path = UIImageExtension.swift; sourceTree = "<group>"; };
		63E8C3601DFE757D00AE5727 /* UILabelExtension.swift */ = {isa = PBXFileReference; fileEncoding = 4; lastKnownFileType = sourcecode.swift; path = UILabelExtension.swift; sourceTree = "<group>"; };
		63E8C3611DFE757D00AE5727 /* UIViewExtension.swift */ = {isa = PBXFileReference; fileEncoding = 4; lastKnownFileType = sourcecode.swift; path = UIViewExtension.swift; sourceTree = "<group>"; };
		63E8C3621DFE757D00AE5727 /* UIViewControllerExtension.swift */ = {isa = PBXFileReference; fileEncoding = 4; lastKnownFileType = sourcecode.swift; path = UIViewControllerExtension.swift; sourceTree = "<group>"; };
		63E8C3631DFE757D00AE5727 /* ArrayExtestion.swift */ = {isa = PBXFileReference; fileEncoding = 4; lastKnownFileType = sourcecode.swift; path = ArrayExtestion.swift; sourceTree = "<group>"; };
		63E8C3641DFE757D00AE5727 /* UICollectionViewExtension.swift */ = {isa = PBXFileReference; fileEncoding = 4; lastKnownFileType = sourcecode.swift; path = UICollectionViewExtension.swift; sourceTree = "<group>"; };
		63E8C3651DFE757D00AE5727 /* SequenceExtension.swift */ = {isa = PBXFileReference; fileEncoding = 4; lastKnownFileType = sourcecode.swift; path = SequenceExtension.swift; sourceTree = "<group>"; };
		63E8C3781DFE774800AE5727 /* Queue.swift */ = {isa = PBXFileReference; fileEncoding = 4; lastKnownFileType = sourcecode.swift; path = Queue.swift; sourceTree = "<group>"; };
		63E8C37A1DFE778E00AE5727 /* SomeStruct.swift */ = {isa = PBXFileReference; fileEncoding = 4; lastKnownFileType = sourcecode.swift; path = SomeStruct.swift; sourceTree = "<group>"; };
		63E8C37C1DFE804E00AE5727 /* NSObjectExtension.swift */ = {isa = PBXFileReference; fileEncoding = 4; lastKnownFileType = sourcecode.swift; path = NSObjectExtension.swift; sourceTree = "<group>"; };
		63E8C37E1DFE832700AE5727 /* UIAlertControllerExtension.swift */ = {isa = PBXFileReference; fileEncoding = 4; lastKnownFileType = sourcecode.swift; path = UIAlertControllerExtension.swift; sourceTree = "<group>"; };
		63E8C3801DFE844500AE5727 /* UIApplicationExtension.swift */ = {isa = PBXFileReference; fileEncoding = 4; lastKnownFileType = sourcecode.swift; path = UIApplicationExtension.swift; sourceTree = "<group>"; };
		63E8C3821DFE8B1000AE5727 /* UITableViewExtension.swift */ = {isa = PBXFileReference; fileEncoding = 4; lastKnownFileType = sourcecode.swift; path = UITableViewExtension.swift; sourceTree = "<group>"; };
		6A79D3187B50ABFBDF2B8B85 /* Pods_AllKindsExtensions.framework */ = {isa = PBXFileReference; explicitFileType = wrapper.framework; includeInIndex = 0; path = Pods_AllKindsExtensions.framework; sourceTree = BUILT_PRODUCTS_DIR; };
		72C6F89A2BE8612A6A2B5368 /* Pods-AllKindsExtensionsUITests.debug.xcconfig */ = {isa = PBXFileReference; includeInIndex = 1; lastKnownFileType = text.xcconfig; name = "Pods-AllKindsExtensionsUITests.debug.xcconfig"; path = "Pods/Target Support Files/Pods-AllKindsExtensionsUITests/Pods-AllKindsExtensionsUITests.debug.xcconfig"; sourceTree = "<group>"; };
		EBCF37EFF9D79BBD5BAF18ED /* Pods-AllKindsExtensions.debug.xcconfig */ = {isa = PBXFileReference; includeInIndex = 1; lastKnownFileType = text.xcconfig; name = "Pods-AllKindsExtensions.debug.xcconfig"; path = "Pods/Target Support Files/Pods-AllKindsExtensions/Pods-AllKindsExtensions.debug.xcconfig"; sourceTree = "<group>"; };
		ED1D4ED550FC17E09E77BEEA /* Pods_AllKindsExtensionsTests.framework */ = {isa = PBXFileReference; explicitFileType = wrapper.framework; includeInIndex = 0; path = Pods_AllKindsExtensionsTests.framework; sourceTree = BUILT_PRODUCTS_DIR; };
		EE1B041BDE8FDEF6D58B275A /* Pods-AllKindsExtensions.release.xcconfig */ = {isa = PBXFileReference; includeInIndex = 1; lastKnownFileType = text.xcconfig; name = "Pods-AllKindsExtensions.release.xcconfig"; path = "Pods/Target Support Files/Pods-AllKindsExtensions/Pods-AllKindsExtensions.release.xcconfig"; sourceTree = "<group>"; };
/* End PBXFileReference section */

/* Begin PBXFrameworksBuildPhase section */
		63E8C31F1DFE752A00AE5727 /* Frameworks */ = {
			isa = PBXFrameworksBuildPhase;
			buildActionMask = 2147483647;
			files = (
				C3B7021E21881364ABF3A567 /* Pods_AllKindsExtensions.framework in Frameworks */,
			);
			runOnlyForDeploymentPostprocessing = 0;
		};
		63E8C3331DFE752A00AE5727 /* Frameworks */ = {
			isa = PBXFrameworksBuildPhase;
			buildActionMask = 2147483647;
			files = (
				DE6B1F2216F0CF06EB3DCAE9 /* Pods_AllKindsExtensionsTests.framework in Frameworks */,
			);
			runOnlyForDeploymentPostprocessing = 0;
		};
		63E8C33E1DFE752A00AE5727 /* Frameworks */ = {
			isa = PBXFrameworksBuildPhase;
			buildActionMask = 2147483647;
			files = (
				E28846FCF6ADC7437B620703 /* Pods_AllKindsExtensionsUITests.framework in Frameworks */,
			);
			runOnlyForDeploymentPostprocessing = 0;
		};
/* End PBXFrameworksBuildPhase section */

/* Begin PBXGroup section */
		63E8C3191DFE752A00AE5727 = {
			isa = PBXGroup;
			children = (
				63E8C3241DFE752A00AE5727 /* AllKindsExtensions */,
				63E8C3391DFE752A00AE5727 /* AllKindsExtensionsTests */,
				63E8C3441DFE752A00AE5727 /* AllKindsExtensionsUITests */,
				63E8C3231DFE752A00AE5727 /* Products */,
				9083696B376F9B36EAB14079 /* Pods */,
				6CA1BE45FE6552EEC87666E4 /* Frameworks */,
			);
			sourceTree = "<group>";
		};
		63E8C3231DFE752A00AE5727 /* Products */ = {
			isa = PBXGroup;
			children = (
				63E8C3221DFE752A00AE5727 /* AllKindsExtensions.app */,
				63E8C3361DFE752A00AE5727 /* AllKindsExtensionsTests.xctest */,
				63E8C3411DFE752A00AE5727 /* AllKindsExtensionsUITests.xctest */,
			);
			name = Products;
			sourceTree = "<group>";
		};
		63E8C3241DFE752A00AE5727 /* AllKindsExtensions */ = {
			isa = PBXGroup;
			children = (
				63E8C3531DFE755C00AE5727 /* Extensions */,
				63E8C3251DFE752A00AE5727 /* AppDelegate.swift */,
				63E8C3781DFE774800AE5727 /* Queue.swift */,
				63E8C37A1DFE778E00AE5727 /* SomeStruct.swift */,
				63E8C3271DFE752A00AE5727 /* ViewController.swift */,
				63E8C3291DFE752A00AE5727 /* Main.storyboard */,
				63E8C32C1DFE752A00AE5727 /* Assets.xcassets */,
				63E8C32E1DFE752A00AE5727 /* LaunchScreen.storyboard */,
				63E8C3311DFE752A00AE5727 /* Info.plist */,
			);
			path = AllKindsExtensions;
			sourceTree = "<group>";
		};
		63E8C3391DFE752A00AE5727 /* AllKindsExtensionsTests */ = {
			isa = PBXGroup;
			children = (
				63E8C33A1DFE752A00AE5727 /* AllKindsExtensionsTests.swift */,
				63E8C33C1DFE752A00AE5727 /* Info.plist */,
			);
			path = AllKindsExtensionsTests;
			sourceTree = "<group>";
		};
		63E8C3441DFE752A00AE5727 /* AllKindsExtensionsUITests */ = {
			isa = PBXGroup;
			children = (
				63E8C3451DFE752A00AE5727 /* AllKindsExtensionsUITests.swift */,
				63E8C3471DFE752A00AE5727 /* Info.plist */,
			);
			path = AllKindsExtensionsUITests;
			sourceTree = "<group>";
		};
		63E8C3531DFE755C00AE5727 /* Extensions */ = {
			isa = PBXGroup;
			children = (
				63E8C3561DFE757D00AE5727 /* DataExtension.swift */,
				63E8C3571DFE757D00AE5727 /* UIImageViewExtension.swift */,
				63E8C3581DFE757D00AE5727 /* DateExtension.swift */,
				63E8C35B1DFE757D00AE5727 /* StringExtension.swift */,
				63E8C35C1DFE757D00AE5727 /* NumerExtensions.swift */,
				63E8C35D1DFE757D00AE5727 /* SwiftyJSONExtension.swift */,
				63E8C35E1DFE757D00AE5727 /* UIColorExtension.swift */,
				63E8C35F1DFE757D00AE5727 /* UIImageExtension.swift */,
				63E8C3601DFE757D00AE5727 /* UILabelExtension.swift */,
				63E8C3611DFE757D00AE5727 /* UIViewExtension.swift */,
				63E8C3621DFE757D00AE5727 /* UIViewControllerExtension.swift */,
				63E8C3631DFE757D00AE5727 /* ArrayExtestion.swift */,
				63E8C3641DFE757D00AE5727 /* UICollectionViewExtension.swift */,
				63E8C3821DFE8B1000AE5727 /* UITableViewExtension.swift */,
				63E8C3651DFE757D00AE5727 /* SequenceExtension.swift */,
				63E8C37C1DFE804E00AE5727 /* NSObjectExtension.swift */,
				63E8C37E1DFE832700AE5727 /* UIAlertControllerExtension.swift */,
				63E8C3801DFE844500AE5727 /* UIApplicationExtension.swift */,
			);
			name = Extensions;
			sourceTree = "<group>";
		};
		6CA1BE45FE6552EEC87666E4 /* Frameworks */ = {
			isa = PBXGroup;
			children = (
				6A79D3187B50ABFBDF2B8B85 /* Pods_AllKindsExtensions.framework */,
				ED1D4ED550FC17E09E77BEEA /* Pods_AllKindsExtensionsTests.framework */,
				60AAC913072809FB0AB75B17 /* Pods_AllKindsExtensionsUITests.framework */,
			);
			name = Frameworks;
			sourceTree = "<group>";
		};
		9083696B376F9B36EAB14079 /* Pods */ = {
			isa = PBXGroup;
			children = (
				EBCF37EFF9D79BBD5BAF18ED /* Pods-AllKindsExtensions.debug.xcconfig */,
				EE1B041BDE8FDEF6D58B275A /* Pods-AllKindsExtensions.release.xcconfig */,
				04AED5F2B6528D3627710991 /* Pods-AllKindsExtensionsTests.debug.xcconfig */,
				168E6CAB4C149B49F4C0C762 /* Pods-AllKindsExtensionsTests.release.xcconfig */,
				72C6F89A2BE8612A6A2B5368 /* Pods-AllKindsExtensionsUITests.debug.xcconfig */,
				0873649606AC74C700D230BE /* Pods-AllKindsExtensionsUITests.release.xcconfig */,
			);
			name = Pods;
			sourceTree = "<group>";
		};
/* End PBXGroup section */

/* Begin PBXNativeTarget section */
		63E8C3211DFE752A00AE5727 /* AllKindsExtensions */ = {
			isa = PBXNativeTarget;
			buildConfigurationList = 63E8C34A1DFE752A00AE5727 /* Build configuration list for PBXNativeTarget "AllKindsExtensions" */;
			buildPhases = (
				0BFDE6668C3BB8AFB7995289 /* [CP] Check Pods Manifest.lock */,
				63E8C31E1DFE752A00AE5727 /* Sources */,
				63E8C31F1DFE752A00AE5727 /* Frameworks */,
				63E8C3201DFE752A00AE5727 /* Resources */,
				30F31A12862FFFECE564BF94 /* [CP] Embed Pods Frameworks */,
				D12F325990CD5DAC6B62AB3B /* [CP] Copy Pods Resources */,
			);
			buildRules = (
			);
			dependencies = (
			);
			name = AllKindsExtensions;
			productName = AllKindsExtensions;
			productReference = 63E8C3221DFE752A00AE5727 /* AllKindsExtensions.app */;
			productType = "com.apple.product-type.application";
		};
		63E8C3351DFE752A00AE5727 /* AllKindsExtensionsTests */ = {
			isa = PBXNativeTarget;
			buildConfigurationList = 63E8C34D1DFE752A00AE5727 /* Build configuration list for PBXNativeTarget "AllKindsExtensionsTests" */;
			buildPhases = (
				66A37BC4D68B819B815474F8 /* [CP] Check Pods Manifest.lock */,
				63E8C3321DFE752A00AE5727 /* Sources */,
				63E8C3331DFE752A00AE5727 /* Frameworks */,
				63E8C3341DFE752A00AE5727 /* Resources */,
				FCEC8CE658EE818BF1399C14 /* [CP] Embed Pods Frameworks */,
				235CAD3A58B6939370AE62E9 /* [CP] Copy Pods Resources */,
			);
			buildRules = (
			);
			dependencies = (
				63E8C3381DFE752A00AE5727 /* PBXTargetDependency */,
			);
			name = AllKindsExtensionsTests;
			productName = AllKindsExtensionsTests;
			productReference = 63E8C3361DFE752A00AE5727 /* AllKindsExtensionsTests.xctest */;
			productType = "com.apple.product-type.bundle.unit-test";
		};
		63E8C3401DFE752A00AE5727 /* AllKindsExtensionsUITests */ = {
			isa = PBXNativeTarget;
			buildConfigurationList = 63E8C3501DFE752A00AE5727 /* Build configuration list for PBXNativeTarget "AllKindsExtensionsUITests" */;
			buildPhases = (
				69B5259EBB6F8CF186E2EBA7 /* [CP] Check Pods Manifest.lock */,
				63E8C33D1DFE752A00AE5727 /* Sources */,
				63E8C33E1DFE752A00AE5727 /* Frameworks */,
				63E8C33F1DFE752A00AE5727 /* Resources */,
				9BEAAEFEC61060D07D3B83D4 /* [CP] Embed Pods Frameworks */,
				AA64AE3E2154D7ACFB4D78CD /* [CP] Copy Pods Resources */,
			);
			buildRules = (
			);
			dependencies = (
				63E8C3431DFE752A00AE5727 /* PBXTargetDependency */,
			);
			name = AllKindsExtensionsUITests;
			productName = AllKindsExtensionsUITests;
			productReference = 63E8C3411DFE752A00AE5727 /* AllKindsExtensionsUITests.xctest */;
			productType = "com.apple.product-type.bundle.ui-testing";
		};
/* End PBXNativeTarget section */

/* Begin PBXProject section */
		63E8C31A1DFE752A00AE5727 /* Project object */ = {
			isa = PBXProject;
			attributes = {
				LastSwiftUpdateCheck = 0820;
				LastUpgradeCheck = 0820;
				ORGANIZATIONNAME = David;
				TargetAttributes = {
					63E8C3211DFE752A00AE5727 = {
						CreatedOnToolsVersion = 8.2;
						ProvisioningStyle = Automatic;
					};
					63E8C3351DFE752A00AE5727 = {
						CreatedOnToolsVersion = 8.2;
						ProvisioningStyle = Automatic;
						TestTargetID = 63E8C3211DFE752A00AE5727;
					};
					63E8C3401DFE752A00AE5727 = {
						CreatedOnToolsVersion = 8.2;
						ProvisioningStyle = Automatic;
						TestTargetID = 63E8C3211DFE752A00AE5727;
					};
				};
			};
			buildConfigurationList = 63E8C31D1DFE752A00AE5727 /* Build configuration list for PBXProject "AllKindsExtensions" */;
			compatibilityVersion = "Xcode 3.2";
			developmentRegion = English;
			hasScannedForEncodings = 0;
			knownRegions = (
				en,
				Base,
			);
			mainGroup = 63E8C3191DFE752A00AE5727;
			productRefGroup = 63E8C3231DFE752A00AE5727 /* Products */;
			projectDirPath = "";
			projectRoot = "";
			targets = (
				63E8C3211DFE752A00AE5727 /* AllKindsExtensions */,
				63E8C3351DFE752A00AE5727 /* AllKindsExtensionsTests */,
				63E8C3401DFE752A00AE5727 /* AllKindsExtensionsUITests */,
			);
		};
/* End PBXProject section */

/* Begin PBXResourcesBuildPhase section */
		63E8C3201DFE752A00AE5727 /* Resources */ = {
			isa = PBXResourcesBuildPhase;
			buildActionMask = 2147483647;
			files = (
				63E8C3301DFE752A00AE5727 /* LaunchScreen.storyboard in Resources */,
				63E8C32D1DFE752A00AE5727 /* Assets.xcassets in Resources */,
				63E8C32B1DFE752A00AE5727 /* Main.storyboard in Resources */,
			);
			runOnlyForDeploymentPostprocessing = 0;
		};
		63E8C3341DFE752A00AE5727 /* Resources */ = {
			isa = PBXResourcesBuildPhase;
			buildActionMask = 2147483647;
			files = (
			);
			runOnlyForDeploymentPostprocessing = 0;
		};
		63E8C33F1DFE752A00AE5727 /* Resources */ = {
			isa = PBXResourcesBuildPhase;
			buildActionMask = 2147483647;
			files = (
			);
			runOnlyForDeploymentPostprocessing = 0;
		};
/* End PBXResourcesBuildPhase section */

/* Begin PBXShellScriptBuildPhase section */
		0BFDE6668C3BB8AFB7995289 /* [CP] Check Pods Manifest.lock */ = {
			isa = PBXShellScriptBuildPhase;
			buildActionMask = 2147483647;
			files = (
			);
			inputPaths = (
			);
			name = "[CP] Check Pods Manifest.lock";
			outputPaths = (
			);
			runOnlyForDeploymentPostprocessing = 0;
			shellPath = /bin/sh;
			shellScript = "diff \"${PODS_ROOT}/../Podfile.lock\" \"${PODS_ROOT}/Manifest.lock\" > /dev/null\nif [ $? != 0 ] ; then\n    # print error to STDERR\n    echo \"error: The sandbox is not in sync with the Podfile.lock. Run 'pod install' or update your CocoaPods installation.\" >&2\n    exit 1\nfi\n";
			showEnvVarsInLog = 0;
		};
		235CAD3A58B6939370AE62E9 /* [CP] Copy Pods Resources */ = {
			isa = PBXShellScriptBuildPhase;
			buildActionMask = 2147483647;
			files = (
			);
			inputPaths = (
			);
			name = "[CP] Copy Pods Resources";
			outputPaths = (
			);
			runOnlyForDeploymentPostprocessing = 0;
			shellPath = /bin/sh;
			shellScript = "\"${SRCROOT}/Pods/Target Support Files/Pods-AllKindsExtensionsTests/Pods-AllKindsExtensionsTests-resources.sh\"\n";
			showEnvVarsInLog = 0;
		};
		30F31A12862FFFECE564BF94 /* [CP] Embed Pods Frameworks */ = {
			isa = PBXShellScriptBuildPhase;
			buildActionMask = 2147483647;
			files = (
			);
			inputPaths = (
			);
			name = "[CP] Embed Pods Frameworks";
			outputPaths = (
			);
			runOnlyForDeploymentPostprocessing = 0;
			shellPath = /bin/sh;
			shellScript = "\"${SRCROOT}/Pods/Target Support Files/Pods-AllKindsExtensions/Pods-AllKindsExtensions-frameworks.sh\"\n";
			showEnvVarsInLog = 0;
		};
		66A37BC4D68B819B815474F8 /* [CP] Check Pods Manifest.lock */ = {
			isa = PBXShellScriptBuildPhase;
			buildActionMask = 2147483647;
			files = (
			);
			inputPaths = (
			);
			name = "[CP] Check Pods Manifest.lock";
			outputPaths = (
			);
			runOnlyForDeploymentPostprocessing = 0;
			shellPath = /bin/sh;
			shellScript = "diff \"${PODS_ROOT}/../Podfile.lock\" \"${PODS_ROOT}/Manifest.lock\" > /dev/null\nif [ $? != 0 ] ; then\n    # print error to STDERR\n    echo \"error: The sandbox is not in sync with the Podfile.lock. Run 'pod install' or update your CocoaPods installation.\" >&2\n    exit 1\nfi\n";
			showEnvVarsInLog = 0;
		};
		69B5259EBB6F8CF186E2EBA7 /* [CP] Check Pods Manifest.lock */ = {
			isa = PBXShellScriptBuildPhase;
			buildActionMask = 2147483647;
			files = (
			);
			inputPaths = (
			);
			name = "[CP] Check Pods Manifest.lock";
			outputPaths = (
			);
			runOnlyForDeploymentPostprocessing = 0;
			shellPath = /bin/sh;
			shellScript = "diff \"${PODS_ROOT}/../Podfile.lock\" \"${PODS_ROOT}/Manifest.lock\" > /dev/null\nif [ $? != 0 ] ; then\n    # print error to STDERR\n    echo \"error: The sandbox is not in sync with the Podfile.lock. Run 'pod install' or update your CocoaPods installation.\" >&2\n    exit 1\nfi\n";
			showEnvVarsInLog = 0;
		};
		9BEAAEFEC61060D07D3B83D4 /* [CP] Embed Pods Frameworks */ = {
			isa = PBXShellScriptBuildPhase;
			buildActionMask = 2147483647;
			files = (
			);
			inputPaths = (
			);
			name = "[CP] Embed Pods Frameworks";
			outputPaths = (
			);
			runOnlyForDeploymentPostprocessing = 0;
			shellPath = /bin/sh;
			shellScript = "\"${SRCROOT}/Pods/Target Support Files/Pods-AllKindsExtensionsUITests/Pods-AllKindsExtensionsUITests-frameworks.sh\"\n";
			showEnvVarsInLog = 0;
		};
		AA64AE3E2154D7ACFB4D78CD /* [CP] Copy Pods Resources */ = {
			isa = PBXShellScriptBuildPhase;
			buildActionMask = 2147483647;
			files = (
			);
			inputPaths = (
			);
			name = "[CP] Copy Pods Resources";
			outputPaths = (
			);
			runOnlyForDeploymentPostprocessing = 0;
			shellPath = /bin/sh;
			shellScript = "\"${SRCROOT}/Pods/Target Support Files/Pods-AllKindsExtensionsUITests/Pods-AllKindsExtensionsUITests-resources.sh\"\n";
			showEnvVarsInLog = 0;
		};
		D12F325990CD5DAC6B62AB3B /* [CP] Copy Pods Resources */ = {
			isa = PBXShellScriptBuildPhase;
			buildActionMask = 2147483647;
			files = (
			);
			inputPaths = (
			);
			name = "[CP] Copy Pods Resources";
			outputPaths = (
			);
			runOnlyForDeploymentPostprocessing = 0;
			shellPath = /bin/sh;
			shellScript = "\"${SRCROOT}/Pods/Target Support Files/Pods-AllKindsExtensions/Pods-AllKindsExtensions-resources.sh\"\n";
			showEnvVarsInLog = 0;
		};
		FCEC8CE658EE818BF1399C14 /* [CP] Embed Pods Frameworks */ = {
			isa = PBXShellScriptBuildPhase;
			buildActionMask = 2147483647;
			files = (
			);
			inputPaths = (
			);
			name = "[CP] Embed Pods Frameworks";
			outputPaths = (
			);
			runOnlyForDeploymentPostprocessing = 0;
			shellPath = /bin/sh;
			shellScript = "\"${SRCROOT}/Pods/Target Support Files/Pods-AllKindsExtensionsTests/Pods-AllKindsExtensionsTests-frameworks.sh\"\n";
			showEnvVarsInLog = 0;
		};
/* End PBXShellScriptBuildPhase section */

/* Begin PBXSourcesBuildPhase section */
		63E8C31E1DFE752A00AE5727 /* Sources */ = {
			isa = PBXSourcesBuildPhase;
			buildActionMask = 2147483647;
			files = (
				63E8C37B1DFE778E00AE5727 /* SomeStruct.swift in Sources */,
				63E8C36F1DFE757D00AE5727 /* SwiftyJSONExtension.swift in Sources */,
				63E8C36A1DFE757D00AE5727 /* DateExtension.swift in Sources */,
				63E8C36D1DFE757D00AE5727 /* StringExtension.swift in Sources */,
				63E8C37F1DFE832700AE5727 /* UIAlertControllerExtension.swift in Sources */,
				63E8C3831DFE8B1000AE5727 /* UITableViewExtension.swift in Sources */,
				63E8C3761DFE757D00AE5727 /* UICollectionViewExtension.swift in Sources */,
				63E8C3741DFE757D00AE5727 /* UIViewControllerExtension.swift in Sources */,
				63E8C3731DFE757D00AE5727 /* UIViewExtension.swift in Sources */,
				63E8C3791DFE774800AE5727 /* Queue.swift in Sources */,
				63E8C3701DFE757D00AE5727 /* UIColorExtension.swift in Sources */,
				63E8C3721DFE757D00AE5727 /* UILabelExtension.swift in Sources */,
				63E8C3281DFE752A00AE5727 /* ViewController.swift in Sources */,
				63E8C3811DFE844500AE5727 /* UIApplicationExtension.swift in Sources */,
				63E8C3771DFE757D00AE5727 /* SequenceExtension.swift in Sources */,
				63E8C3691DFE757D00AE5727 /* UIImageViewExtension.swift in Sources */,
				63E8C3711DFE757D00AE5727 /* UIImageExtension.swift in Sources */,
				63E8C36E1DFE757D00AE5727 /* NumerExtensions.swift in Sources */,
				63E8C37D1DFE804E00AE5727 /* NSObjectExtension.swift in Sources */,
				63E8C3261DFE752A00AE5727 /* AppDelegate.swift in Sources */,
				63E8C3681DFE757D00AE5727 /* DataExtension.swift in Sources */,
				63E8C3751DFE757D00AE5727 /* ArrayExtestion.swift in Sources */,
			);
			runOnlyForDeploymentPostprocessing = 0;
		};
		63E8C3321DFE752A00AE5727 /* Sources */ = {
			isa = PBXSourcesBuildPhase;
			buildActionMask = 2147483647;
			files = (
				63E8C33B1DFE752A00AE5727 /* AllKindsExtensionsTests.swift in Sources */,
			);
			runOnlyForDeploymentPostprocessing = 0;
		};
		63E8C33D1DFE752A00AE5727 /* Sources */ = {
			isa = PBXSourcesBuildPhase;
			buildActionMask = 2147483647;
			files = (
				63E8C3461DFE752A00AE5727 /* AllKindsExtensionsUITests.swift in Sources */,
			);
			runOnlyForDeploymentPostprocessing = 0;
		};
/* End PBXSourcesBuildPhase section */

/* Begin PBXTargetDependency section */
		63E8C3381DFE752A00AE5727 /* PBXTargetDependency */ = {
			isa = PBXTargetDependency;
			target = 63E8C3211DFE752A00AE5727 /* AllKindsExtensions */;
			targetProxy = 63E8C3371DFE752A00AE5727 /* PBXContainerItemProxy */;
		};
		63E8C3431DFE752A00AE5727 /* PBXTargetDependency */ = {
			isa = PBXTargetDependency;
			target = 63E8C3211DFE752A00AE5727 /* AllKindsExtensions */;
			targetProxy = 63E8C3421DFE752A00AE5727 /* PBXContainerItemProxy */;
		};
/* End PBXTargetDependency section */

/* Begin PBXVariantGroup section */
		63E8C3291DFE752A00AE5727 /* Main.storyboard */ = {
			isa = PBXVariantGroup;
			children = (
				63E8C32A1DFE752A00AE5727 /* Base */,
			);
			name = Main.storyboard;
			sourceTree = "<group>";
		};
		63E8C32E1DFE752A00AE5727 /* LaunchScreen.storyboard */ = {
			isa = PBXVariantGroup;
			children = (
				63E8C32F1DFE752A00AE5727 /* Base */,
			);
			name = LaunchScreen.storyboard;
			sourceTree = "<group>";
		};
/* End PBXVariantGroup section */

/* Begin XCBuildConfiguration section */
		63E8C3481DFE752A00AE5727 /* Debug */ = {
			isa = XCBuildConfiguration;
			buildSettings = {
				ALWAYS_SEARCH_USER_PATHS = NO;
				CLANG_ANALYZER_NONNULL = YES;
				CLANG_CXX_LANGUAGE_STANDARD = "gnu++0x";
				CLANG_CXX_LIBRARY = "libc++";
				CLANG_ENABLE_MODULES = YES;
				CLANG_ENABLE_OBJC_ARC = YES;
				CLANG_WARN_BOOL_CONVERSION = YES;
				CLANG_WARN_CONSTANT_CONVERSION = YES;
				CLANG_WARN_DIRECT_OBJC_ISA_USAGE = YES_ERROR;
				CLANG_WARN_DOCUMENTATION_COMMENTS = YES;
				CLANG_WARN_EMPTY_BODY = YES;
				CLANG_WARN_ENUM_CONVERSION = YES;
				CLANG_WARN_INFINITE_RECURSION = YES;
				CLANG_WARN_INT_CONVERSION = YES;
				CLANG_WARN_OBJC_ROOT_CLASS = YES_ERROR;
				CLANG_WARN_SUSPICIOUS_MOVE = YES;
				CLANG_WARN_UNREACHABLE_CODE = YES;
				CLANG_WARN__DUPLICATE_METHOD_MATCH = YES;
				"CODE_SIGN_IDENTITY[sdk=iphoneos*]" = "iPhone Developer";
				COPY_PHASE_STRIP = NO;
				DEBUG_INFORMATION_FORMAT = dwarf;
				ENABLE_STRICT_OBJC_MSGSEND = YES;
				ENABLE_TESTABILITY = YES;
				GCC_C_LANGUAGE_STANDARD = gnu99;
				GCC_DYNAMIC_NO_PIC = NO;
				GCC_NO_COMMON_BLOCKS = YES;
				GCC_OPTIMIZATION_LEVEL = 0;
				GCC_PREPROCESSOR_DEFINITIONS = (
					"DEBUG=1",
					"$(inherited)",
				);
				GCC_WARN_64_TO_32_BIT_CONVERSION = YES;
				GCC_WARN_ABOUT_RETURN_TYPE = YES_ERROR;
				GCC_WARN_UNDECLARED_SELECTOR = YES;
				GCC_WARN_UNINITIALIZED_AUTOS = YES_AGGRESSIVE;
				GCC_WARN_UNUSED_FUNCTION = YES;
				GCC_WARN_UNUSED_VARIABLE = YES;
				IPHONEOS_DEPLOYMENT_TARGET = 10.2;
				MTL_ENABLE_DEBUG_INFO = YES;
				ONLY_ACTIVE_ARCH = YES;
				SDKROOT = iphoneos;
				SWIFT_ACTIVE_COMPILATION_CONDITIONS = DEBUG;
				SWIFT_OPTIMIZATION_LEVEL = "-Onone";
				TARGETED_DEVICE_FAMILY = "1,2";
			};
			name = Debug;
		};
		63E8C3491DFE752A00AE5727 /* Release */ = {
			isa = XCBuildConfiguration;
			buildSettings = {
				ALWAYS_SEARCH_USER_PATHS = NO;
				CLANG_ANALYZER_NONNULL = YES;
				CLANG_CXX_LANGUAGE_STANDARD = "gnu++0x";
				CLANG_CXX_LIBRARY = "libc++";
				CLANG_ENABLE_MODULES = YES;
				CLANG_ENABLE_OBJC_ARC = YES;
				CLANG_WARN_BOOL_CONVERSION = YES;
				CLANG_WARN_CONSTANT_CONVERSION = YES;
				CLANG_WARN_DIRECT_OBJC_ISA_USAGE = YES_ERROR;
				CLANG_WARN_DOCUMENTATION_COMMENTS = YES;
				CLANG_WARN_EMPTY_BODY = YES;
				CLANG_WARN_ENUM_CONVERSION = YES;
				CLANG_WARN_INFINITE_RECURSION = YES;
				CLANG_WARN_INT_CONVERSION = YES;
				CLANG_WARN_OBJC_ROOT_CLASS = YES_ERROR;
				CLANG_WARN_SUSPICIOUS_MOVE = YES;
				CLANG_WARN_UNREACHABLE_CODE = YES;
				CLANG_WARN__DUPLICATE_METHOD_MATCH = YES;
				"CODE_SIGN_IDENTITY[sdk=iphoneos*]" = "iPhone Developer";
				COPY_PHASE_STRIP = NO;
				DEBUG_INFORMATION_FORMAT = "dwarf-with-dsym";
				ENABLE_NS_ASSERTIONS = NO;
				ENABLE_STRICT_OBJC_MSGSEND = YES;
				GCC_C_LANGUAGE_STANDARD = gnu99;
				GCC_NO_COMMON_BLOCKS = YES;
				GCC_WARN_64_TO_32_BIT_CONVERSION = YES;
				GCC_WARN_ABOUT_RETURN_TYPE = YES_ERROR;
				GCC_WARN_UNDECLARED_SELECTOR = YES;
				GCC_WARN_UNINITIALIZED_AUTOS = YES_AGGRESSIVE;
				GCC_WARN_UNUSED_FUNCTION = YES;
				GCC_WARN_UNUSED_VARIABLE = YES;
				IPHONEOS_DEPLOYMENT_TARGET = 10.2;
				MTL_ENABLE_DEBUG_INFO = NO;
				SDKROOT = iphoneos;
				SWIFT_OPTIMIZATION_LEVEL = "-Owholemodule";
				TARGETED_DEVICE_FAMILY = "1,2";
				VALIDATE_PRODUCT = YES;
			};
			name = Release;
		};
		63E8C34B1DFE752A00AE5727 /* Debug */ = {
			isa = XCBuildConfiguration;
			baseConfigurationReference = EBCF37EFF9D79BBD5BAF18ED /* Pods-AllKindsExtensions.debug.xcconfig */;
			buildSettings = {
				ASSETCATALOG_COMPILER_APPICON_NAME = AppIcon;
				INFOPLIST_FILE = AllKindsExtensions/Info.plist;
				LD_RUNPATH_SEARCH_PATHS = "$(inherited) @executable_path/Frameworks";
				PRODUCT_BUNDLE_IDENTIFIER = io.david.AllKindsExtensions;
				PRODUCT_NAME = "$(TARGET_NAME)";
				SWIFT_VERSION = 3.0;
			};
			name = Debug;
		};
		63E8C34C1DFE752A00AE5727 /* Release */ = {
			isa = XCBuildConfiguration;
			baseConfigurationReference = EE1B041BDE8FDEF6D58B275A /* Pods-AllKindsExtensions.release.xcconfig */;
			buildSettings = {
				ASSETCATALOG_COMPILER_APPICON_NAME = AppIcon;
				INFOPLIST_FILE = AllKindsExtensions/Info.plist;
				LD_RUNPATH_SEARCH_PATHS = "$(inherited) @executable_path/Frameworks";
				PRODUCT_BUNDLE_IDENTIFIER = io.david.AllKindsExtensions;
				PRODUCT_NAME = "$(TARGET_NAME)";
				SWIFT_VERSION = 3.0;
			};
			name = Release;
		};
		63E8C34E1DFE752A00AE5727 /* Debug */ = {
			isa = XCBuildConfiguration;
			baseConfigurationReference = 04AED5F2B6528D3627710991 /* Pods-AllKindsExtensionsTests.debug.xcconfig */;
			buildSettings = {
				ALWAYS_EMBED_SWIFT_STANDARD_LIBRARIES = YES;
				BUNDLE_LOADER = "$(TEST_HOST)";
				INFOPLIST_FILE = AllKindsExtensionsTests/Info.plist;
				LD_RUNPATH_SEARCH_PATHS = "$(inherited) @executable_path/Frameworks @loader_path/Frameworks";
				PRODUCT_BUNDLE_IDENTIFIER = io.david.AllKindsExtensionsTests;
				PRODUCT_NAME = "$(TARGET_NAME)";
				SWIFT_VERSION = 3.0;
				TEST_HOST = "$(BUILT_PRODUCTS_DIR)/AllKindsExtensions.app/AllKindsExtensions";
			};
			name = Debug;
		};
		63E8C34F1DFE752A00AE5727 /* Release */ = {
			isa = XCBuildConfiguration;
			baseConfigurationReference = 168E6CAB4C149B49F4C0C762 /* Pods-AllKindsExtensionsTests.release.xcconfig */;
			buildSettings = {
				ALWAYS_EMBED_SWIFT_STANDARD_LIBRARIES = YES;
				BUNDLE_LOADER = "$(TEST_HOST)";
				INFOPLIST_FILE = AllKindsExtensionsTests/Info.plist;
				LD_RUNPATH_SEARCH_PATHS = "$(inherited) @executable_path/Frameworks @loader_path/Frameworks";
				PRODUCT_BUNDLE_IDENTIFIER = io.david.AllKindsExtensionsTests;
				PRODUCT_NAME = "$(TARGET_NAME)";
				SWIFT_VERSION = 3.0;
				TEST_HOST = "$(BUILT_PRODUCTS_DIR)/AllKindsExtensions.app/AllKindsExtensions";
			};
			name = Release;
		};
		63E8C3511DFE752A00AE5727 /* Debug */ = {
			isa = XCBuildConfiguration;
			baseConfigurationReference = 72C6F89A2BE8612A6A2B5368 /* Pods-AllKindsExtensionsUITests.debug.xcconfig */;
			buildSettings = {
				ALWAYS_EMBED_SWIFT_STANDARD_LIBRARIES = YES;
				INFOPLIST_FILE = AllKindsExtensionsUITests/Info.plist;
				LD_RUNPATH_SEARCH_PATHS = "$(inherited) @executable_path/Frameworks @loader_path/Frameworks";
				PRODUCT_BUNDLE_IDENTIFIER = io.david.AllKindsExtensionsUITests;
				PRODUCT_NAME = "$(TARGET_NAME)";
				SWIFT_VERSION = 3.0;
				TEST_TARGET_NAME = AllKindsExtensions;
			};
			name = Debug;
		};
		63E8C3521DFE752A00AE5727 /* Release */ = {
			isa = XCBuildConfiguration;
			baseConfigurationReference = 0873649606AC74C700D230BE /* Pods-AllKindsExtensionsUITests.release.xcconfig */;
			buildSettings = {
				ALWAYS_EMBED_SWIFT_STANDARD_LIBRARIES = YES;
				INFOPLIST_FILE = AllKindsExtensionsUITests/Info.plist;
				LD_RUNPATH_SEARCH_PATHS = "$(inherited) @executable_path/Frameworks @loader_path/Frameworks";
				PRODUCT_BUNDLE_IDENTIFIER = io.david.AllKindsExtensionsUITests;
				PRODUCT_NAME = "$(TARGET_NAME)";
				SWIFT_VERSION = 3.0;
				TEST_TARGET_NAME = AllKindsExtensions;
			};
			name = Release;
		};
/* End XCBuildConfiguration section */

/* Begin XCConfigurationList section */
		63E8C31D1DFE752A00AE5727 /* Build configuration list for PBXProject "AllKindsExtensions" */ = {
			isa = XCConfigurationList;
			buildConfigurations = (
				63E8C3481DFE752A00AE5727 /* Debug */,
				63E8C3491DFE752A00AE5727 /* Release */,
			);
			defaultConfigurationIsVisible = 0;
			defaultConfigurationName = Release;
		};
		63E8C34A1DFE752A00AE5727 /* Build configuration list for PBXNativeTarget "AllKindsExtensions" */ = {
			isa = XCConfigurationList;
			buildConfigurations = (
				63E8C34B1DFE752A00AE5727 /* Debug */,
				63E8C34C1DFE752A00AE5727 /* Release */,
			);
			defaultConfigurationIsVisible = 0;
			defaultConfigurationName = Release;
		};
		63E8C34D1DFE752A00AE5727 /* Build configuration list for PBXNativeTarget "AllKindsExtensionsTests" */ = {
			isa = XCConfigurationList;
			buildConfigurations = (
				63E8C34E1DFE752A00AE5727 /* Debug */,
				63E8C34F1DFE752A00AE5727 /* Release */,
			);
			defaultConfigurationIsVisible = 0;
			defaultConfigurationName = Release;
		};
		63E8C3501DFE752A00AE5727 /* Build configuration list for PBXNativeTarget "AllKindsExtensionsUITests" */ = {
			isa = XCConfigurationList;
			buildConfigurations = (
				63E8C3511DFE752A00AE5727 /* Debug */,
				63E8C3521DFE752A00AE5727 /* Release */,
			);
			defaultConfigurationIsVisible = 0;
			defaultConfigurationName = Release;
		};
/* End XCConfigurationList section */
	};
	rootObject = 63E8C31A1DFE752A00AE5727 /* Project object */;
}
